{
  "name": "carto",
  "lockfileVersion": 3,
  "requires": true,
  "packages": {
    "": {
      "name": "carto",
      "license": "0BSD",
      "devDependencies": {
        "@gesslar/muddy": "^3.3.0"
      }
    },
    "node_modules/@gesslar/actioneer": {
      "version": "3.1.1",
      "dev": true,
      "license": "0BSD",
      "dependencies": {
        "@gesslar/toolkit": "^5.6.0"
      },
      "engines": {
        "node": ">=24"
      }
    },
    "node_modules/@gesslar/colours": {
      "version": "1.0.0",
      "dev": true,
      "license": "0BSD",
      "bin": {
        "colours": "src/cli.js"
      },
      "engines": {
        "node": ">=24.11.0"
      }
    },
    "node_modules/@gesslar/muddy": {
      "version": "3.3.0",
      "resolved": "https://registry.npmjs.org/@gesslar/muddy/-/muddy-3.3.0.tgz",
      "integrity": "sha512-BRW0bvpf3z5u6vczJhmQ+CjIn4FTWk+wZF+NEpGStd+ibhCEc9hIOql/h16Yvix6aoawHYXA9t7skE8/XmqIEg==",
      "dev": true,
      "license": "0BSD",
      "dependencies": {
        "@gesslar/actioneer": "^3.1.1",
        "@gesslar/colours": "^1.0.0",
        "@gesslar/toolkit": "^5.8.0",
        "adm-zip": "^0.5.17",
        "chokidar": "^5.0.0",
        "commander": "^15.0.0",
        "xmlbuilder2": "^4.0.3"
      },
      "bin": {
        "muddy": "src/cli.js"
      },
      "engines": {
        "node": ">=24"
      }
    },
    "node_modules/@gesslar/toolkit": {
      "version": "5.9.1",
      "dev": true,
      "hasInstallScript": true,
      "license": "0BSD",
      "dependencies": {
        "@gesslar/colours": "^1.0.0",
        "json5": "^2.2.3",
        "supports-color": "^10.2.2",
        "yaml": "^2.9.0"
      },
      "engines": {
        "node": ">=24"
      }
    },
    "node_modules/@oozcitak/dom": {
      "version": "2.0.2",
      "dev": true,
      "license": "MIT",
      "dependencies": {
        "@oozcitak/infra": "^2.0.2",
        "@oozcitak/url": "^3.0.0",
        "@oozcitak/util": "^10.0.0"
      },
      "engines": {
        "node": ">=20.0"
      }
    },
    "node_modules/@oozcitak/infra": {
      "version": "2.0.2",
      "dev": true,
      "license": "MIT",
      "dependencies": {
        "@oozcitak/util": "^10.0.0"
      },
      "engines": {
        "node": ">=20.0"
      }
    },
    "node_modules/@oozcitak/url": {
      "version": "3.0.0",
      "dev": true,
      "license": "MIT",
      "dependencies": {
        "@oozcitak/infra": "^2.0.2",
        "@oozcitak/util": "^10.0.0"
      },
      "engines": {
        "node": ">=20.0"
      }
    },
    "node_modules/@oozcitak/util": {
      "version": "10.0.0",
      "dev": true,
      "license": "MIT",
      "engines": {
        "node": ">=20.0"
      }
    },
    "node_modules/adm-zip": {
      "version": "0.5.18",
      "dev": true,
      "license": "MIT",
      "engines": {
        "node": ">=12.0"
      }
    },
    "node_modules/argparse": {
      "version": "2.0.1",
      "dev": true,
      "license": "Python-2.0"
    },
    "node_modules/chokidar": {
      "version": "5.0.0",
      "dev": true,
      "license": "MIT",
      "dependencies": {
        "readdirp": "^5.0.0"
      },
      "engines": {
        "node": ">= 20.19.0"
      },
      "funding": {
        "url": "https://paulmillr.com/funding/"
      }
    },
    "node_modules/commander": {
      "version": "15.0.0",
      "dev": true,
      "license": "MIT",
      "engines": {
        "node": ">=22.12.0"
      }
    },
    "node_modules/js-yaml": {
      "version": "4.3.2",
      "dev": true,
      "funding": [
        {
          "type": "github",
          "url": "https://github.com/sponsors/puzrin"
        },
        {
          "type": "github",
          "url": "https://github.com/sponsors/nodeca"
        }
      ],
      "license": "MIT",
      "dependencies": {
        "argparse": "^2.0.1"
      },
      "bin": {
        "js-yaml": "bin/js-yaml.js"
      }
    },
    "node_modules/json5": {
      "version": "2.2.3",
      "dev": true,
      "license": "MIT",
      "bin": {
        "json5": "lib/cli.js"
      },
      "engines": {
        "node": ">=6"
      }
    },
    "node_modules/readdirp": {
      "version": "5.1.1",
      "dev": true,
      "license": "MIT",
      "engines": {
        "node": ">= 20.19.0"
      },
      "funding": {
        "type": "individual",
        "url": "https://paulmillr.com/funding/"
      }
    },
    "node_modules/supports-color": {
      "version": "10.2.2",
      "dev": true,
      "license": "MIT",
      "engines": {
        "node": ">=18"
      },
      "funding": {
        "url": "https://github.com/chalk/supports-color?sponsor=1"
      }
    },
    "node_modules/xmlbuilder2": {
      "version": "4.0.3",
      "dev": true,
      "license": "MIT",
      "dependencies": {
        "@oozcitak/dom": "^2.0.2",
        "@oozcitak/infra": "^2.0.2",
        "@oozcitak/util": "^10.0.0",
        "js-yaml": "^4.1.1"
      },
      "engines": {
        "node": ">=20.0"
      }
    },
    "node_modules/yaml": {
      "version": "2.9.0",
      "dev": true,
      "license": "ISC",
      "bin": {
        "yaml": "bin.mjs"
      },
      "engines": {
        "node": ">= 14.6"
      },
      "funding": {
        "url": "https://github.com/sponsors/eemeli"
      }
    }
  }
}
